
Microsoft Visual Studio Solution File, Format Version 12.00
# Visual Studio Version 16
VisualStudioVersion = 16.0.31402.337
MinimumVisualStudioVersion = 10.0.40219.1
Project("{FAE04EC0-301F-11D3-BF4B-00C04F79EFBC}") = "AddressBook", "AddressBook\AddressBook.csproj", "{EDDC3D95-A42A-490B-9D63-64A53F2CA47A}"
EndProject
Global
	GlobalSection(SolutionConfigurationPlatforms) = preSolution
		Debug|Any CPU = Debug|Any CPU
		Release|Any CPU = Release|Any CPU
	EndGlobalSection
	GlobalSection(ProjectConfigurationPlatforms) = postSolution
		{EDDC3D95-A42A-490B-9D63-64A53F2CA47A}.Debug|Any CPU.ActiveCfg = Debug|Any CPU
		{EDDC3D95-A42A-490B-9D63-64A53F2CA47A}.Debug|Any CPU.Build.0 = Debug|Any CPU
		{EDDC3D95-A42A-490B-9D63-64A53F2CA47A}.Release|Any CPU.ActiveCfg = Release|Any CPU
		{EDDC3D95-A42A-490B-9D63-64A53F2CA47A}.Release|Any CPU.Build.0 = Release|Any CPU
	EndGlobalSection
	GlobalSection(SolutionProperties) = preSolution
		HideSolutionNode = FALSE
	EndGlobalSection
	GlobalSection(ExtensibilityGlobals) = postSolution
		SolutionGuid = {3C3B277A-4542-4066-9258-583CD1A009F5}
	EndGlobalSection
EndGlobal
